
Microsoft Visual Studio Solution File, Format Version 12.00
# Visual Studio Version 16
VisualStudioVersion = 16.0.31424.327
MinimumVisualStudioVersion = 10.0.40219.1
Project("{FAE04EC0-301F-11D3-BF4B-00C04F79EFBC}") = "PrjSearchStudent", "PrjSearchStudent.csproj", "{A01BFBC4-9793-4EF5-AA07-2D7F347A1484}"
EndProject
Global
	GlobalSection(SolutionConfigurationPlatforms) = preSolution
		Debug|Any CPU = Debug|Any CPU
		Release|Any CPU = Release|Any CPU
	EndGlobalSection
	GlobalSection(ProjectConfigurationPlatforms) = postSolution
		{A01BFBC4-9793-4EF5-AA07-2D7F347A1484}.Debug|Any CPU.ActiveCfg = Debug|Any CPU
		{A01BFBC4-9793-4EF5-AA07-2D7F347A1484}.Debug|Any CPU.Build.0 = Debug|Any CPU
		{A01BFBC4-9793-4EF5-AA07-2D7F347A1484}.Release|Any CPU.ActiveCfg = Release|Any CPU
		{A01BFBC4-9793-4EF5-AA07-2D7F347A1484}.Release|Any CPU.Build.0 = Release|Any CPU
	EndGlobalSection
	GlobalSection(SolutionProperties) = preSolution
		HideSolutionNode = FALSE
	EndGlobalSection
	GlobalSection(ExtensibilityGlobals) = postSolution
		SolutionGuid = {32B7A8E4-5F1E-42B9-B7C1-96FA58926066}
	EndGlobalSection
EndGlobal
